
Microsoft Visual Studio Solution File, Format Version 12.00
# Visual Studio Version 17
VisualStudioVersion = 17.1.32228.430
MinimumVisualStudioVersion = 10.0.40219.1
Project("{9A19103F-16F7-4668-BE54-9A1E7A4F7556}") = "SqModel", "SqModel\SqModel.csproj", "{D2A5C7E3-6F77-4966-A506-BC1A80819369}"
EndProject
Project("{9A19103F-16F7-4668-BE54-9A1E7A4F7556}") = "SqModelTest", "..\test\SqModelTest\SqModelTest.csproj", "{9CDC708B-012B-4C5A-999B-EF3524ECBF23}"
EndProject
Project("{9A19103F-16F7-4668-BE54-9A1E7A4F7556}") = "SqModel.Core", "SqModel.Core\SqModel.Core.csproj", "{8D7F97F4-0D1E-4054-93B1-CDDD508BE1AD}"
EndProject
Project("{9A19103F-16F7-4668-BE54-9A1E7A4F7556}") = "SqModel.Analysis", "SqModel.Analysis\SqModel.Analysis.csproj", "{33801566-0253-41E7-A03A-92996C2B96A3}"
EndProject
Project("{FAE04EC0-301F-11D3-BF4B-00C04F79EFBC}") = "SqModelAnalysisTest", "SqModelAnalysisTest\SqModelAnalysisTest.csproj", "{6720E33D-57E8-4D8F-8A18-744C2D9C16A8}"
EndProject
Global
	GlobalSection(SolutionConfigurationPlatforms) = preSolution
		Debug|Any CPU = Debug|Any CPU
		Release|Any CPU = Release|Any CPU
	EndGlobalSection
	GlobalSection(ProjectConfigurationPlatforms) = postSolution
		{D2A5C7E3-6F77-4966-A506-BC1A80819369}.Debug|Any CPU.ActiveCfg = Debug|Any CPU
		{D2A5C7E3-6F77-4966-A506-BC1A80819369}.Debug|Any CPU.Build.0 = Debug|Any CPU
		{D2A5C7E3-6F77-4966-A506-BC1A80819369}.Release|Any CPU.ActiveCfg = Release|Any CPU
		{D2A5C7E3-6F77-4966-A506-BC1A80819369}.Release|Any CPU.Build.0 = Release|Any CPU
		{9CDC708B-012B-4C5A-999B-EF3524ECBF23}.Debug|Any CPU.ActiveCfg = Debug|Any CPU
		{9CDC708B-012B-4C5A-999B-EF3524ECBF23}.Debug|Any CPU.Build.0 = Debug|Any CPU
		{9CDC708B-012B-4C5A-999B-EF3524ECBF23}.Release|Any CPU.ActiveCfg = Release|Any CPU
		{9CDC708B-012B-4C5A-999B-EF3524ECBF23}.Release|Any CPU.Build.0 = Release|Any CPU
		{8D7F97F4-0D1E-4054-93B1-CDDD508BE1AD}.Debug|Any CPU.ActiveCfg = Debug|Any CPU
		{8D7F97F4-0D1E-4054-93B1-CDDD508BE1AD}.Debug|Any CPU.Build.0 = Debug|Any CPU
		{8D7F97F4-0D1E-4054-93B1-CDDD508BE1AD}.Release|Any CPU.ActiveCfg = Release|Any CPU
		{8D7F97F4-0D1E-4054-93B1-CDDD508BE1AD}.Release|Any CPU.Build.0 = Release|Any CPU
		{33801566-0253-41E7-A03A-92996C2B96A3}.Debug|Any CPU.ActiveCfg = Debug|Any CPU
		{33801566-0253-41E7-A03A-92996C2B96A3}.Debug|Any CPU.Build.0 = Debug|Any CPU
		{33801566-0253-41E7-A03A-92996C2B96A3}.Release|Any CPU.ActiveCfg = Release|Any CPU
		{33801566-0253-41E7-A03A-92996C2B96A3}.Release|Any CPU.Build.0 = Release|Any CPU
		{6720E33D-57E8-4D8F-8A18-744C2D9C16A8}.Debug|Any CPU.ActiveCfg = Debug|Any CPU
		{6720E33D-57E8-4D8F-8A18-744C2D9C16A8}.Debug|Any CPU.Build.0 = Debug|Any CPU
		{6720E33D-57E8-4D8F-8A18-744C2D9C16A8}.Release|Any CPU.ActiveCfg = Release|Any CPU
		{6720E33D-57E8-4D8F-8A18-744C2D9C16A8}.Release|Any CPU.Build.0 = Release|Any CPU
	EndGlobalSection
	GlobalSection(SolutionProperties) = preSolution
		HideSolutionNode = FALSE
	EndGlobalSection
	GlobalSection(ExtensibilityGlobals) = postSolution
		SolutionGuid = {D45FC75E-226D-4B81-9A47-C819823E50CD}
	EndGlobalSection
EndGlobal
